
Microsoft Visual Studio Solution File, Format Version 12.00
Project("{FAE04EC0-301F-11D3-BF4B-00C04F79EFBC}") = "lrucache", "lrucache\lrucache.csproj", "{C9C4FE52-9FA4-4B4E-A6E2-25E3A4DD36D1}"
EndProject
Global
	GlobalSection(SolutionConfigurationPlatforms) = preSolution
		Debug|Any CPU = Debug|Any CPU
		Release|Any CPU = Release|Any CPU
	EndGlobalSection
	GlobalSection(ProjectConfigurationPlatforms) = postSolution
		{C9C4FE52-9FA4-4B4E-A6E2-25E3A4DD36D1}.Debug|Any CPU.ActiveCfg = Debug|Any CPU
		{C9C4FE52-9FA4-4B4E-A6E2-25E3A4DD36D1}.Debug|Any CPU.Build.0 = Debug|Any CPU
		{C9C4FE52-9FA4-4B4E-A6E2-25E3A4DD36D1}.Release|Any CPU.ActiveCfg = Release|Any CPU
		{C9C4FE52-9FA4-4B4E-A6E2-25E3A4DD36D1}.Release|Any CPU.Build.0 = Release|Any CPU
	EndGlobalSection
EndGlobal
